
Microsoft Visual Studio Solution File, Format Version 12.00
# Visual Studio Version 17
VisualStudioVersion = 17.4.33122.133
MinimumVisualStudioVersion = 10.0.40219.1
Project("{FAE04EC0-301F-11D3-BF4B-00C04F79EFBC}") = "Emby.Plugins.Bangumi", "Emby.Plugins.Bangumi\Emby.Plugins.Bangumi.csproj", "{06F9DD75-B74F-4E23-A64A-65EDB443B8EE}"
EndProject
Global
	GlobalSection(SolutionConfigurationPlatforms) = preSolution
		Debug|Any CPU = Debug|Any CPU
		Release|Any CPU = Release|Any CPU
	EndGlobalSection
	GlobalSection(ProjectConfigurationPlatforms) = postSolution
		{06F9DD75-B74F-4E23-A64A-65EDB443B8EE}.Debug|Any CPU.ActiveCfg = Debug|Any CPU
		{06F9DD75-B74F-4E23-A64A-65EDB443B8EE}.Debug|Any CPU.Build.0 = Debug|Any CPU
		{06F9DD75-B74F-4E23-A64A-65EDB443B8EE}.Release|Any CPU.ActiveCfg = Release|Any CPU
		{06F9DD75-B74F-4E23-A64A-65EDB443B8EE}.Release|Any CPU.Build.0 = Release|Any CPU
	EndGlobalSection
	GlobalSection(SolutionProperties) = preSolution
		HideSolutionNode = FALSE
	EndGlobalSection
	GlobalSection(ExtensibilityGlobals) = postSolution
		SolutionGuid = {6032AF34-037C-40DF-99DF-03F295F73F31}
	EndGlobalSection
EndGlobal
